
Microsoft Visual Studio Solution File, Format Version 12.00
# Visual Studio 15
VisualStudioVersion = 15.0.28307.421
MinimumVisualStudioVersion = 10.0.40219.1
Project("{FAE04EC0-301F-11D3-BF4B-00C04F79EFBC}") = "Dooz", "Dooz\Dooz.csproj", "{264E48AB-2425-4312-9AF3-417A3CE5E9DD}"
EndProject
Global
	GlobalSection(SolutionConfigurationPlatforms) = preSolution
		Debug|Any CPU = Debug|Any CPU
		Release|Any CPU = Release|Any CPU
	EndGlobalSection
	GlobalSection(ProjectConfigurationPlatforms) = postSolution
		{264E48AB-2425-4312-9AF3-417A3CE5E9DD}.Debug|Any CPU.ActiveCfg = Debug|Any CPU
		{264E48AB-2425-4312-9AF3-417A3CE5E9DD}.Debug|Any CPU.Build.0 = Debug|Any CPU
		{264E48AB-2425-4312-9AF3-417A3CE5E9DD}.Release|Any CPU.ActiveCfg = Release|Any CPU
		{264E48AB-2425-4312-9AF3-417A3CE5E9DD}.Release|Any CPU.Build.0 = Release|Any CPU
	EndGlobalSection
	GlobalSection(SolutionProperties) = preSolution
		HideSolutionNode = FALSE
	EndGlobalSection
	GlobalSection(ExtensibilityGlobals) = postSolution
		SolutionGuid = {4D56D27A-3AFF-474D-8DD0-D6263E246F99}
	EndGlobalSection
EndGlobal
